<?xml version="1.0" encoding="utf-8"?>
<Project ToolsVersion="4.0" xmlns="http://schemas.microsoft.com/developer/msbuild/2003">
  <ItemGroup>
    <Filter Include="Source Files">
      <UniqueIdentifier>{4FC737F1-C7A5-4376-A066-2A32D752A2FF}</UniqueIdentifier>
      <Extensions>cpp;c;cc;cxx;def;odl;idl;hpj;bat;asm;asmx</Extensions>
    </Filter>
    <Filter Include="Header Files">
      <UniqueIdentifier>{93995380-89BD-4b04-88EB-625FBE52EBFB}</UniqueIdentifier>
      <Extensions>h;hpp;hxx;hm;inl;inc;xsd</Extensions>
    </Filter>
    <Filter Include="Resource Files">
      <UniqueIdentifier>{67DA6AB6-F800-4c08-8B7A-83BB121AAD01}</UniqueIdentifier>
      <Extensions>rc;ico;cur;bmp;dlg;rc2;rct;bin;rgs;gif;jpg;jpeg;jpe;resx;tiff;tif;png;wav;mfcribbon-ms</Extensions>
    </Filter>
    <Filter Include="Output">
      <UniqueIdentifier>{b3102e3e-1db3-4410-a8f7-16b2280a063b}</UniqueIdentifier>
    </Filter>
  </ItemGroup>
  <ItemGroup>
    <ClCompile Include="parser_output.c">
      <Filter>Output</Filter>
    </ClCompile>
    <ClCompile Include="cqml_grammar.tab.c">
      <Filter>Source Files</Filter>
    </ClCompile>
    <ClCompile Include="lex.yy.c">
      <Filter>Source Files</Filter>
    </ClCompile>
    <ClCompile Include="main.cpp">
      <Filter>Source Files</Filter>
    </ClCompile>
    <ClCompile Include="parser_tree.cpp">
      <Filter>Source Files</Filter>
    </ClCompile>
    <ClCompile Include="custom_classes.c">
      <Filter>Output</Filter>
    </ClCompile>
    <ClCompile Include="parameter_handling.cpp">
      <Filter>Source Files</Filter>
    </ClCompile>
  </ItemGroup>
  <ItemGroup>
    <None Include="src.cqml">
      <Filter>Resource Files</Filter>
    </None>
    <None Include="src4.cqml">
      <Filter>Resource Files</Filter>
    </None>
    <None Include="src2.cqml">
      <Filter>Resource Files</Filter>
    </None>
    <None Include="src3.cqml">
      <Filter>Resource Files</Filter>
    </None>
    <None Include="basic_types.cfg">
      <Filter>Resource Files</Filter>
    </None>
  </ItemGroup>
  <ItemGroup>
    <ClInclude Include="cqml_grammar.tab.h">
      <Filter>Source Files</Filter>
    </ClInclude>
    <ClInclude Include="parser_tree.h">
      <Filter>Source Files</Filter>
    </ClInclude>
    <ClInclude Include="custom_classes.h">
      <Filter>Output</Filter>
    </ClInclude>
    <ClInclude Include="parameter_handling.h">
      <Filter>Source Files</Filter>
    </ClInclude>
  </ItemGroup>
</Project>